{
  "originHash" : "d44e9b0166e77663abeaf86a4d1daec755d2a4faff277e509b4e53e51a1987c5",
  "pins" : [
    {
      "identity" : "snap-foundation",
      "kind" : "remoteSourceControl",
      "location" : "https://github.com/simonnickel/snap-foundation.git",
      "state" : {
        "branch" : "main",
        "revision" : "807e415b083d67789dbf7952d296cba79cf3ab0a"
      }
    }
  ],
  "version" : 3
}
