{
  "originHash" : "11da87f211128a1194af20e91222daff183a9f2619f5f4a30f6d4f4eddf60f78",
  "pins" : [
    {
      "identity" : "snap-foundation",
      "kind" : "remoteSourceControl",
      "location" : "https://github.com/simonnickel/snap-foundation.git",
      "state" : {
        "branch" : "main",
        "revision" : "04929cb99ce8d552e61d7a5cb9cc65375fddd063"
      }
    }
  ],
  "version" : 3
}
