{
  "originHash" : "68c38c5a8cc86cb5835a246f1086063cd61c44ff6285ba5c195f0e607ae1f6c3",
  "pins" : [
    {
      "identity" : "snap-foundation",
      "kind" : "remoteSourceControl",
      "location" : "https://github.com/simonnickel/snap-foundation.git",
      "state" : {
        "branch" : "main",
        "revision" : "cb8215eddb71ab7af8d60c333e73ed720fdd92d7"
      }
    }
  ],
  "version" : 3
}
